
Microsoft Visual Studio Solution File, Format Version 12.00
# Visual Studio Version 16
VisualStudioVersion = 16.0.29411.108
MinimumVisualStudioVersion = 10.0.40219.1
Project("{FAE04EC0-301F-11D3-BF4B-00C04F79EFBC}") = "Resturant", "Resturant.csproj", "{105DADB6-2D05-4757-8C51-ACABD8CE34E1}"
EndProject
Global
	GlobalSection(SolutionConfigurationPlatforms) = preSolution
		Debug|Any CPU = Debug|Any CPU
		Release|Any CPU = Release|Any CPU
	EndGlobalSection
	GlobalSection(ProjectConfigurationPlatforms) = postSolution
		{105DADB6-2D05-4757-8C51-ACABD8CE34E1}.Debug|Any CPU.ActiveCfg = Debug|Any CPU
		{105DADB6-2D05-4757-8C51-ACABD8CE34E1}.Debug|Any CPU.Build.0 = Debug|Any CPU
		{105DADB6-2D05-4757-8C51-ACABD8CE34E1}.Release|Any CPU.ActiveCfg = Release|Any CPU
		{105DADB6-2D05-4757-8C51-ACABD8CE34E1}.Release|Any CPU.Build.0 = Release|Any CPU
	EndGlobalSection
	GlobalSection(SolutionProperties) = preSolution
		HideSolutionNode = FALSE
	EndGlobalSection
	GlobalSection(ExtensibilityGlobals) = postSolution
		SolutionGuid = {EFCB777C-B9D3-434C-A1E4-052193E13BF3}
	EndGlobalSection
EndGlobal
